
Microsoft Visual Studio Solution File, Format Version 12.00
# Visual Studio Version 16
VisualStudioVersion = 16.0.29503.13
MinimumVisualStudioVersion = 10.0.40219.1
Project("{9A19103F-16F7-4668-BE54-9A1E7A4F7556}") = "TaskRegiser.Core", "..\TaskRegiser.Core\TaskRegiser.Core.csproj", "{A57BC99E-1894-45E6-9A24-A20CF84CC51F}"
EndProject
Project("{9A19103F-16F7-4668-BE54-9A1E7A4F7556}") = "TaskRegiser.ModelView", "..\TaskRegiser.ModelView\TaskRegiser.ModelView.csproj", "{56F0C4A1-ACA2-4C7C-A237-6F88A3E70AC0}"
EndProject
Project("{9A19103F-16F7-4668-BE54-9A1E7A4F7556}") = "TaskRegister.View", "TaskRegister.View\TaskRegister.View.csproj", "{CE190470-6FF6-4A4F-9D81-30D390D38388}"
EndProject
Global
	GlobalSection(SolutionConfigurationPlatforms) = preSolution
		Debug|Any CPU = Debug|Any CPU
		Release|Any CPU = Release|Any CPU
	EndGlobalSection
	GlobalSection(ProjectConfigurationPlatforms) = postSolution
		{A57BC99E-1894-45E6-9A24-A20CF84CC51F}.Debug|Any CPU.ActiveCfg = Debug|Any CPU
		{A57BC99E-1894-45E6-9A24-A20CF84CC51F}.Debug|Any CPU.Build.0 = Debug|Any CPU
		{A57BC99E-1894-45E6-9A24-A20CF84CC51F}.Release|Any CPU.ActiveCfg = Release|Any CPU
		{A57BC99E-1894-45E6-9A24-A20CF84CC51F}.Release|Any CPU.Build.0 = Release|Any CPU
		{56F0C4A1-ACA2-4C7C-A237-6F88A3E70AC0}.Debug|Any CPU.ActiveCfg = Debug|Any CPU
		{56F0C4A1-ACA2-4C7C-A237-6F88A3E70AC0}.Debug|Any CPU.Build.0 = Debug|Any CPU
		{56F0C4A1-ACA2-4C7C-A237-6F88A3E70AC0}.Release|Any CPU.ActiveCfg = Release|Any CPU
		{56F0C4A1-ACA2-4C7C-A237-6F88A3E70AC0}.Release|Any CPU.Build.0 = Release|Any CPU
		{CE190470-6FF6-4A4F-9D81-30D390D38388}.Debug|Any CPU.ActiveCfg = Debug|Any CPU
		{CE190470-6FF6-4A4F-9D81-30D390D38388}.Debug|Any CPU.Build.0 = Debug|Any CPU
		{CE190470-6FF6-4A4F-9D81-30D390D38388}.Release|Any CPU.ActiveCfg = Release|Any CPU
		{CE190470-6FF6-4A4F-9D81-30D390D38388}.Release|Any CPU.Build.0 = Release|Any CPU
	EndGlobalSection
	GlobalSection(SolutionProperties) = preSolution
		HideSolutionNode = FALSE
	EndGlobalSection
	GlobalSection(ExtensibilityGlobals) = postSolution
		SolutionGuid = {5FF3B33C-53EB-4C7A-B9E2-C5D815200E2D}
	EndGlobalSection
EndGlobal
